// !$*UTF8*$!
{
	archiveVersion = 1;
	classes = {
	};
	objectVersion = 55;
	objects = {

/* Begin PBXBuildFile section */
		D463334E28BBA36300D8CB50 /* PersistenceController.swift in Sources */ = {isa = PBXBuildFile; fileRef = D463334D28BBA36300D8CB50 /* PersistenceController.swift */; };
		D463335D28BBCC7400D8CB50 /* CheckThis.xcdatamodeld in Sources */ = {isa = PBXBuildFile; fileRef = D463335B28BBCC7400D8CB50 /* CheckThis.xcdatamodeld */; };
		D463336028BBCCA600D8CB50 /* Item+CoreDataClass.swift in Sources */ = {isa = PBXBuildFile; fileRef = D463335E28BBCCA600D8CB50 /* Item+CoreDataClass.swift */; };
		D463336128BBCCA600D8CB50 /* Item+CoreDataProperties.swift in Sources */ = {isa = PBXBuildFile; fileRef = D463335F28BBCCA600D8CB50 /* Item+CoreDataProperties.swift */; };
		D463336D28BBE6C800D8CB50 /* ItemRow.swift in Sources */ = {isa = PBXBuildFile; fileRef = D463336C28BBE6C800D8CB50 /* ItemRow.swift */; };
		D4A5891C28AAA77400671423 /* CheckThisApp.swift in Sources */ = {isa = PBXBuildFile; fileRef = D4A5891B28AAA77400671423 /* CheckThisApp.swift */; };
		D4A5891E28AAA77400671423 /* ContentView.swift in Sources */ = {isa = PBXBuildFile; fileRef = D4A5891D28AAA77400671423 /* ContentView.swift */; };
		D4A5892028AAA77500671423 /* Assets.xcassets in Resources */ = {isa = PBXBuildFile; fileRef = D4A5891F28AAA77500671423 /* Assets.xcassets */; };
		D4A5892328AAA77500671423 /* Preview Assets.xcassets in Resources */ = {isa = PBXBuildFile; fileRef = D4A5892228AAA77500671423 /* Preview Assets.xcassets */; };
		D4F0E0A428AAAB3300A0B20D /* LegacyItem.swift in Sources */ = {isa = PBXBuildFile; fileRef = D4F0E0A328AAAB3300A0B20D /* LegacyItem.swift */; };
		D4F0E0AB28AC211A00A0B20D /* LegacyItemRow.swift in Sources */ = {isa = PBXBuildFile; fileRef = D4F0E0AA28AC211A00A0B20D /* LegacyItemRow.swift */; };
		D4F0E0AF28AC22D600A0B20D /* LegacyItemRepository.swift in Sources */ = {isa = PBXBuildFile; fileRef = D4F0E0AE28AC22D600A0B20D /* LegacyItemRepository.swift */; };
		D4F0E0B128AC234000A0B20D /* LegacyItemList.swift in Sources */ = {isa = PBXBuildFile; fileRef = D4F0E0B028AC234000A0B20D /* LegacyItemList.swift */; };
/* End PBXBuildFile section */

/* Begin PBXFileReference section */
		D463334D28BBA36300D8CB50 /* PersistenceController.swift */ = {isa = PBXFileReference; lastKnownFileType = sourcecode.swift; path = PersistenceController.swift; sourceTree = "<group>"; };
		D463335C28BBCC7400D8CB50 /* CheckThis.xcdatamodel */ = {isa = PBXFileReference; lastKnownFileType = wrapper.xcdatamodel; path = CheckThis.xcdatamodel; sourceTree = "<group>"; };
		D463335E28BBCCA600D8CB50 /* Item+CoreDataClass.swift */ = {isa = PBXFileReference; lastKnownFileType = sourcecode.swift; path = "Item+CoreDataClass.swift"; sourceTree = "<group>"; };
		D463335F28BBCCA600D8CB50 /* Item+CoreDataProperties.swift */ = {isa = PBXFileReference; lastKnownFileType = sourcecode.swift; path = "Item+CoreDataProperties.swift"; sourceTree = "<group>"; };
		D463336C28BBE6C800D8CB50 /* ItemRow.swift */ = {isa = PBXFileReference; lastKnownFileType = sourcecode.swift; path = ItemRow.swift; sourceTree = "<group>"; };
		D4A5891828AAA77400671423 /* Check This.app */ = {isa = PBXFileReference; explicitFileType = wrapper.application; includeInIndex = 0; path = "Check This.app"; sourceTree = BUILT_PRODUCTS_DIR; };
		D4A5891B28AAA77400671423 /* CheckThisApp.swift */ = {isa = PBXFileReference; lastKnownFileType = sourcecode.swift; path = CheckThisApp.swift; sourceTree = "<group>"; };
		D4A5891D28AAA77400671423 /* ContentView.swift */ = {isa = PBXFileReference; lastKnownFileType = sourcecode.swift; path = ContentView.swift; sourceTree = "<group>"; };
		D4A5891F28AAA77500671423 /* Assets.xcassets */ = {isa = PBXFileReference; lastKnownFileType = folder.assetcatalog; path = Assets.xcassets; sourceTree = "<group>"; };
		D4A5892228AAA77500671423 /* Preview Assets.xcassets */ = {isa = PBXFileReference; lastKnownFileType = folder.assetcatalog; path = "Preview Assets.xcassets"; sourceTree = "<group>"; };
		D4F0E0A328AAAB3300A0B20D /* LegacyItem.swift */ = {isa = PBXFileReference; lastKnownFileType = sourcecode.swift; path = LegacyItem.swift; sourceTree = "<group>"; };
		D4F0E0AA28AC211A00A0B20D /* LegacyItemRow.swift */ = {isa = PBXFileReference; lastKnownFileType = sourcecode.swift; path = LegacyItemRow.swift; sourceTree = "<group>"; };
		D4F0E0AE28AC22D600A0B20D /* LegacyItemRepository.swift */ = {isa = PBXFileReference; lastKnownFileType = sourcecode.swift; path = LegacyItemRepository.swift; sourceTree = "<group>"; };
		D4F0E0B028AC234000A0B20D /* LegacyItemList.swift */ = {isa = PBXFileReference; lastKnownFileType = sourcecode.swift; path = LegacyItemList.swift; sourceTree = "<group>"; };
/* End PBXFileReference section */

/* Begin PBXFrameworksBuildPhase section */
		D4A5891528AAA77400671423 /* Frameworks */ = {
			isa = PBXFrameworksBuildPhase;
			buildActionMask = 2147483647;
			files = (
			);
			runOnlyForDeploymentPostprocessing = 0;
		};
/* End PBXFrameworksBuildPhase section */

/* Begin PBXGroup section */
		D463336328BBCCC400D8CB50 /* Item */ = {
			isa = PBXGroup;
			children = (
				D463335E28BBCCA600D8CB50 /* Item+CoreDataClass.swift */,
				D463335F28BBCCA600D8CB50 /* Item+CoreDataProperties.swift */,
			);
			path = Item;
			sourceTree = "<group>";
		};
		D4A5890F28AAA77400671423 = {
			isa = PBXGroup;
			children = (
				D4A5891A28AAA77400671423 /* Check This */,
				D4A5891928AAA77400671423 /* Products */,
			);
			sourceTree = "<group>";
		};
		D4A5891928AAA77400671423 /* Products */ = {
			isa = PBXGroup;
			children = (
				D4A5891828AAA77400671423 /* Check This.app */,
			);
			name = Products;
			sourceTree = "<group>";
		};
		D4A5891A28AAA77400671423 /* Check This */ = {
			isa = PBXGroup;
			children = (
				D4F0E0A228AAAB2300A0B20D /* Models */,
				D4A5892928AAA84200671423 /* Views */,
				D4A5891B28AAA77400671423 /* CheckThisApp.swift */,
				D4A5891F28AAA77500671423 /* Assets.xcassets */,
				D4A5892128AAA77500671423 /* Preview Content */,
			);
			path = "Check This";
			sourceTree = "<group>";
		};
		D4A5892128AAA77500671423 /* Preview Content */ = {
			isa = PBXGroup;
			children = (
				D4A5892228AAA77500671423 /* Preview Assets.xcassets */,
			);
			path = "Preview Content";
			sourceTree = "<group>";
		};
		D4A5892928AAA84200671423 /* Views */ = {
			isa = PBXGroup;
			children = (
				D4F0E0A928AC211100A0B20D /* Items */,
				D4A5891D28AAA77400671423 /* ContentView.swift */,
			);
			path = Views;
			sourceTree = "<group>";
		};
		D4F0E0A228AAAB2300A0B20D /* Models */ = {
			isa = PBXGroup;
			children = (
				D463336328BBCCC400D8CB50 /* Item */,
				D4F0E0A328AAAB3300A0B20D /* LegacyItem.swift */,
				D4F0E0AE28AC22D600A0B20D /* LegacyItemRepository.swift */,
				D463334D28BBA36300D8CB50 /* PersistenceController.swift */,
				D463335B28BBCC7400D8CB50 /* CheckThis.xcdatamodeld */,
			);
			path = Models;
			sourceTree = "<group>";
		};
		D4F0E0A928AC211100A0B20D /* Items */ = {
			isa = PBXGroup;
			children = (
				D4F0E0AA28AC211A00A0B20D /* LegacyItemRow.swift */,
				D4F0E0B028AC234000A0B20D /* LegacyItemList.swift */,
				D463336C28BBE6C800D8CB50 /* ItemRow.swift */,
			);
			path = Items;
			sourceTree = "<group>";
		};
/* End PBXGroup section */

/* Begin PBXNativeTarget section */
		D4A5891728AAA77400671423 /* Check This */ = {
			isa = PBXNativeTarget;
			buildConfigurationList = D4A5892628AAA77500671423 /* Build configuration list for PBXNativeTarget "Check This" */;
			buildPhases = (
				D4A5891428AAA77400671423 /* Sources */,
				D4A5891528AAA77400671423 /* Frameworks */,
				D4A5891628AAA77400671423 /* Resources */,
			);
			buildRules = (
			);
			dependencies = (
			);
			name = "Check This";
			productName = "Check This";
			productReference = D4A5891828AAA77400671423 /* Check This.app */;
			productType = "com.apple.product-type.application";
		};
/* End PBXNativeTarget section */

/* Begin PBXProject section */
		D4A5891028AAA77400671423 /* Project object */ = {
			isa = PBXProject;
			attributes = {
				BuildIndependentTargetsInParallel = 1;
				LastSwiftUpdateCheck = 1340;
				LastUpgradeCheck = 1340;
				TargetAttributes = {
					D4A5891728AAA77400671423 = {
						CreatedOnToolsVersion = 13.4.1;
					};
				};
			};
			buildConfigurationList = D4A5891328AAA77400671423 /* Build configuration list for PBXProject "Check This" */;
			compatibilityVersion = "Xcode 13.0";
			developmentRegion = en;
			hasScannedForEncodings = 0;
			knownRegions = (
				en,
				Base,
			);
			mainGroup = D4A5890F28AAA77400671423;
			productRefGroup = D4A5891928AAA77400671423 /* Products */;
			projectDirPath = "";
			projectRoot = "";
			targets = (
				D4A5891728AAA77400671423 /* Check This */,
			);
		};
/* End PBXProject section */

/* Begin PBXResourcesBuildPhase section */
		D4A5891628AAA77400671423 /* Resources */ = {
			isa = PBXResourcesBuildPhase;
			buildActionMask = 2147483647;
			files = (
				D4A5892328AAA77500671423 /* Preview Assets.xcassets in Resources */,
				D4A5892028AAA77500671423 /* Assets.xcassets in Resources */,
			);
			runOnlyForDeploymentPostprocessing = 0;
		};
/* End PBXResourcesBuildPhase section */

/* Begin PBXSourcesBuildPhase section */
		D4A5891428AAA77400671423 /* Sources */ = {
			isa = PBXSourcesBuildPhase;
			buildActionMask = 2147483647;
			files = (
				D4A5891E28AAA77400671423 /* ContentView.swift in Sources */,
				D463334E28BBA36300D8CB50 /* PersistenceController.swift in Sources */,
				D4F0E0A428AAAB3300A0B20D /* LegacyItem.swift in Sources */,
				D463336028BBCCA600D8CB50 /* Item+CoreDataClass.swift in Sources */,
				D463336128BBCCA600D8CB50 /* Item+CoreDataProperties.swift in Sources */,
				D4F0E0AF28AC22D600A0B20D /* LegacyItemRepository.swift in Sources */,
				D463335D28BBCC7400D8CB50 /* CheckThis.xcdatamodeld in Sources */,
				D4A5891C28AAA77400671423 /* CheckThisApp.swift in Sources */,
				D463336D28BBE6C800D8CB50 /* ItemRow.swift in Sources */,
				D4F0E0B128AC234000A0B20D /* LegacyItemList.swift in Sources */,
				D4F0E0AB28AC211A00A0B20D /* LegacyItemRow.swift in Sources */,
			);
			runOnlyForDeploymentPostprocessing = 0;
		};
/* End PBXSourcesBuildPhase section */

/* Begin XCBuildConfiguration section */
		D4A5892428AAA77500671423 /* Debug */ = {
			isa = XCBuildConfiguration;
			buildSettings = {
				ALWAYS_SEARCH_USER_PATHS = NO;
				CLANG_ANALYZER_NONNULL = YES;
				CLANG_ANALYZER_NUMBER_OBJECT_CONVERSION = YES_AGGRESSIVE;
				CLANG_CXX_LANGUAGE_STANDARD = "gnu++17";
				CLANG_ENABLE_MODULES = YES;
				CLANG_ENABLE_OBJC_ARC = YES;
				CLANG_ENABLE_OBJC_WEAK = YES;
				CLANG_WARN_BLOCK_CAPTURE_AUTORELEASING = YES;
				CLANG_WARN_BOOL_CONVERSION = YES;
				CLANG_WARN_COMMA = YES;
				CLANG_WARN_CONSTANT_CONVERSION = YES;
				CLANG_WARN_DEPRECATED_OBJC_IMPLEMENTATIONS = YES;
				CLANG_WARN_DIRECT_OBJC_ISA_USAGE = YES_ERROR;
				CLANG_WARN_DOCUMENTATION_COMMENTS = YES;
				CLANG_WARN_EMPTY_BODY = YES;
				CLANG_WARN_ENUM_CONVERSION = YES;
				CLANG_WARN_INFINITE_RECURSION = YES;
				CLANG_WARN_INT_CONVERSION = YES;
				CLANG_WARN_NON_LITERAL_NULL_CONVERSION = YES;
				CLANG_WARN_OBJC_IMPLICIT_RETAIN_SELF = YES;
				CLANG_WARN_OBJC_LITERAL_CONVERSION = YES;
				CLANG_WARN_OBJC_ROOT_CLASS = YES_ERROR;
				CLANG_WARN_QUOTED_INCLUDE_IN_FRAMEWORK_HEADER = YES;
				CLANG_WARN_RANGE_LOOP_ANALYSIS = YES;
				CLANG_WARN_STRICT_PROTOTYPES = YES;
				CLANG_WARN_SUSPICIOUS_MOVE = YES;
				CLANG_WARN_UNGUARDED_AVAILABILITY = YES_AGGRESSIVE;
				CLANG_WARN_UNREACHABLE_CODE = YES;
				CLANG_WARN__DUPLICATE_METHOD_MATCH = YES;
				COPY_PHASE_STRIP = NO;
				DEBUG_INFORMATION_FORMAT = dwarf;
				ENABLE_STRICT_OBJC_MSGSEND = YES;
				ENABLE_TESTABILITY = YES;
				GCC_C_LANGUAGE_STANDARD = gnu11;
				GCC_DYNAMIC_NO_PIC = NO;
				GCC_NO_COMMON_BLOCKS = YES;
				GCC_OPTIMIZATION_LEVEL = 0;
				GCC_PREPROCESSOR_DEFINITIONS = (
					"DEBUG=1",
					"$(inherited)",
				);
				GCC_WARN_64_TO_32_BIT_CONVERSION = YES;
				GCC_WARN_ABOUT_RETURN_TYPE = YES_ERROR;
				GCC_WARN_UNDECLARED_SELECTOR = YES;
				GCC_WARN_UNINITIALIZED_AUTOS = YES_AGGRESSIVE;
				GCC_WARN_UNUSED_FUNCTION = YES;
				GCC_WARN_UNUSED_VARIABLE = YES;
				IPHONEOS_DEPLOYMENT_TARGET = 15.5;
				MTL_ENABLE_DEBUG_INFO = INCLUDE_SOURCE;
				MTL_FAST_MATH = YES;
				ONLY_ACTIVE_ARCH = YES;
				SDKROOT = iphoneos;
				SWIFT_ACTIVE_COMPILATION_CONDITIONS = DEBUG;
				SWIFT_OPTIMIZATION_LEVEL = "-Onone";
			};
			name = Debug;
		};
		D4A5892528AAA77500671423 /* Release */ = {
			isa = XCBuildConfiguration;
			buildSettings = {
				ALWAYS_SEARCH_USER_PATHS = NO;
				CLANG_ANALYZER_NONNULL = YES;
				CLANG_ANALYZER_NUMBER_OBJECT_CONVERSION = YES_AGGRESSIVE;
				CLANG_CXX_LANGUAGE_STANDARD = "gnu++17";
				CLANG_ENABLE_MODULES = YES;
				CLANG_ENABLE_OBJC_ARC = YES;
				CLANG_ENABLE_OBJC_WEAK = YES;
				CLANG_WARN_BLOCK_CAPTURE_AUTORELEASING = YES;
				CLANG_WARN_BOOL_CONVERSION = YES;
				CLANG_WARN_COMMA = YES;
				CLANG_WARN_CONSTANT_CONVERSION = YES;
				CLANG_WARN_DEPRECATED_OBJC_IMPLEMENTATIONS = YES;
				CLANG_WARN_DIRECT_OBJC_ISA_USAGE = YES_ERROR;
				CLANG_WARN_DOCUMENTATION_COMMENTS = YES;
				CLANG_WARN_EMPTY_BODY = YES;
				CLANG_WARN_ENUM_CONVERSION = YES;
				CLANG_WARN_INFINITE_RECURSION = YES;
				CLANG_WARN_INT_CONVERSION = YES;
				CLANG_WARN_NON_LITERAL_NULL_CONVERSION = YES;
				CLANG_WARN_OBJC_IMPLICIT_RETAIN_SELF = YES;
				CLANG_WARN_OBJC_LITERAL_CONVERSION = YES;
				CLANG_WARN_OBJC_ROOT_CLASS = YES_ERROR;
				CLANG_WARN_QUOTED_INCLUDE_IN_FRAMEWORK_HEADER = YES;
				CLANG_WARN_RANGE_LOOP_ANALYSIS = YES;
				CLANG_WARN_STRICT_PROTOTYPES = YES;
				CLANG_WARN_SUSPICIOUS_MOVE = YES;
				CLANG_WARN_UNGUARDED_AVAILABILITY = YES_AGGRESSIVE;
				CLANG_WARN_UNREACHABLE_CODE = YES;
				CLANG_WARN__DUPLICATE_METHOD_MATCH = YES;
				COPY_PHASE_STRIP = NO;
				DEBUG_INFORMATION_FORMAT = "dwarf-with-dsym";
				ENABLE_NS_ASSERTIONS = NO;
				ENABLE_STRICT_OBJC_MSGSEND = YES;
				GCC_C_LANGUAGE_STANDARD = gnu11;
				GCC_NO_COMMON_BLOCKS = YES;
				GCC_WARN_64_TO_32_BIT_CONVERSION = YES;
				GCC_WARN_ABOUT_RETURN_TYPE = YES_ERROR;
				GCC_WARN_UNDECLARED_SELECTOR = YES;
				GCC_WARN_UNINITIALIZED_AUTOS = YES_AGGRESSIVE;
				GCC_WARN_UNUSED_FUNCTION = YES;
				GCC_WARN_UNUSED_VARIABLE = YES;
				IPHONEOS_DEPLOYMENT_TARGET = 15.5;
				MTL_ENABLE_DEBUG_INFO = NO;
				MTL_FAST_MATH = YES;
				SDKROOT = iphoneos;
				SWIFT_COMPILATION_MODE = wholemodule;
				SWIFT_OPTIMIZATION_LEVEL = "-O";
				VALIDATE_PRODUCT = YES;
			};
			name = Release;
		};
		D4A5892728AAA77500671423 /* Debug */ = {
			isa = XCBuildConfiguration;
			buildSettings = {
				ASSETCATALOG_COMPILER_APPICON_NAME = AppIcon;
				ASSETCATALOG_COMPILER_GLOBAL_ACCENT_COLOR_NAME = AccentColor;
				CODE_SIGN_STYLE = Automatic;
				CURRENT_PROJECT_VERSION = 1;
				DEVELOPMENT_ASSET_PATHS = "\"Check This/Preview Content\"";
				DEVELOPMENT_TEAM = 9R8632TC52;
				ENABLE_PREVIEWS = YES;
				GENERATE_INFOPLIST_FILE = YES;
				INFOPLIST_KEY_UIApplicationSceneManifest_Generation = YES;
				INFOPLIST_KEY_UIApplicationSupportsIndirectInputEvents = YES;
				INFOPLIST_KEY_UILaunchScreen_Generation = YES;
				INFOPLIST_KEY_UISupportedInterfaceOrientations_iPad = "UIInterfaceOrientationPortrait UIInterfaceOrientationPortraitUpsideDown UIInterfaceOrientationLandscapeLeft UIInterfaceOrientationLandscapeRight";
				INFOPLIST_KEY_UISupportedInterfaceOrientations_iPhone = "UIInterfaceOrientationPortrait UIInterfaceOrientationLandscapeLeft UIInterfaceOrientationLandscapeRight";
				LD_RUNPATH_SEARCH_PATHS = (
					"$(inherited)",
					"@executable_path/Frameworks",
				);
				MARKETING_VERSION = 1.0;
				PRODUCT_BUNDLE_IDENTIFIER = it.ostojan.CheckThis;
				PRODUCT_NAME = "$(TARGET_NAME)";
				SWIFT_EMIT_LOC_STRINGS = YES;
				SWIFT_VERSION = 5.0;
				TARGETED_DEVICE_FAMILY = "1,2";
			};
			name = Debug;
		};
		D4A5892828AAA77500671423 /* Release */ = {
			isa = XCBuildConfiguration;
			buildSettings = {
				ASSETCATALOG_COMPILER_APPICON_NAME = AppIcon;
				ASSETCATALOG_COMPILER_GLOBAL_ACCENT_COLOR_NAME = AccentColor;
				CODE_SIGN_STYLE = Automatic;
				CURRENT_PROJECT_VERSION = 1;
				DEVELOPMENT_ASSET_PATHS = "\"Check This/Preview Content\"";
				DEVELOPMENT_TEAM = 9R8632TC52;
				ENABLE_PREVIEWS = YES;
				GENERATE_INFOPLIST_FILE = YES;
				INFOPLIST_KEY_UIApplicationSceneManifest_Generation = YES;
				INFOPLIST_KEY_UIApplicationSupportsIndirectInputEvents = YES;
				INFOPLIST_KEY_UILaunchScreen_Generation = YES;
				INFOPLIST_KEY_UISupportedInterfaceOrientations_iPad = "UIInterfaceOrientationPortrait UIInterfaceOrientationPortraitUpsideDown UIInterfaceOrientationLandscapeLeft UIInterfaceOrientationLandscapeRight";
				INFOPLIST_KEY_UISupportedInterfaceOrientations_iPhone = "UIInterfaceOrientationPortrait UIInterfaceOrientationLandscapeLeft UIInterfaceOrientationLandscapeRight";
				LD_RUNPATH_SEARCH_PATHS = (
					"$(inherited)",
					"@executable_path/Frameworks",
				);
				MARKETING_VERSION = 1.0;
				PRODUCT_BUNDLE_IDENTIFIER = it.ostojan.CheckThis;
				PRODUCT_NAME = "$(TARGET_NAME)";
				SWIFT_EMIT_LOC_STRINGS = YES;
				SWIFT_VERSION = 5.0;
				TARGETED_DEVICE_FAMILY = "1,2";
			};
			name = Release;
		};
/* End XCBuildConfiguration section */

/* Begin XCConfigurationList section */
		D4A5891328AAA77400671423 /* Build configuration list for PBXProject "Check This" */ = {
			isa = XCConfigurationList;
			buildConfigurations = (
				D4A5892428AAA77500671423 /* Debug */,
				D4A5892528AAA77500671423 /* Release */,
			);
			defaultConfigurationIsVisible = 0;
			defaultConfigurationName = Release;
		};
		D4A5892628AAA77500671423 /* Build configuration list for PBXNativeTarget "Check This" */ = {
			isa = XCConfigurationList;
			buildConfigurations = (
				D4A5892728AAA77500671423 /* Debug */,
				D4A5892828AAA77500671423 /* Release */,
			);
			defaultConfigurationIsVisible = 0;
			defaultConfigurationName = Release;
		};
/* End XCConfigurationList section */

/* Begin XCVersionGroup section */
		D463335B28BBCC7400D8CB50 /* CheckThis.xcdatamodeld */ = {
			isa = XCVersionGroup;
			children = (
				D463335C28BBCC7400D8CB50 /* CheckThis.xcdatamodel */,
			);
			currentVersion = D463335C28BBCC7400D8CB50 /* CheckThis.xcdatamodel */;
			path = CheckThis.xcdatamodeld;
			sourceTree = "<group>";
			versionGroupType = wrapper.xcdatamodel;
		};
/* End XCVersionGroup section */
	};
	rootObject = D4A5891028AAA77400671423 /* Project object */;
}
